{
  "name": "haas_ui_demo",
  "version": "1.0.0",
  "lockfileVersion": 2,
  "requires": true,
  "packages": {
    "": {
      "name": "haas_ui_demo",
      "version": "1.0.0",
      "dependencies": {
        "falcon-ui": "^1.0.3"
      },
      "devDependencies": {}
    },
    "node_modules/bindingx-parser": {
      "version": "0.0.3",
      "resolved": "https://registry.npmjs.org/bindingx-parser/-/bindingx-parser-0.0.3.tgz",
      "integrity": "sha512-HPRn/9B+EN9C0zh2uhUTMGiBsQ12JcLoDB4xWnVloeRR4s+Cdd2gLAfhgrG10fqyxypMx/INVTotYchSpqXnnw=="
    },
    "node_modules/falcon-ui": {
      "version": "1.0.3",
      "resolved": "https://registry.npmjs.org/falcon-ui/-/falcon-ui-1.0.3.tgz",
      "integrity": "sha512-qv2d8KiEHqTlK/J2Yr1MIN/1Cm8TwLrtNWEXtJnnriGVgwZsNqSCBcxQU0D7y6VH15gXQJnnjbVZVTnirswNWA==",
      "dependencies": {
        "bindingx-parser": "^0.0.3"
      }
    }
  },
  "dependencies": {
    "bindingx-parser": {
      "version": "0.0.3",
      "resolved": "https://registry.npmjs.org/bindingx-parser/-/bindingx-parser-0.0.3.tgz",
      "integrity": "sha512-HPRn/9B+EN9C0zh2uhUTMGiBsQ12JcLoDB4xWnVloeRR4s+Cdd2gLAfhgrG10fqyxypMx/INVTotYchSpqXnnw=="
    },
    "falcon-ui": {
      "version": "1.0.3",
      "resolved": "https://registry.npmjs.org/falcon-ui/-/falcon-ui-1.0.3.tgz",
      "integrity": "sha512-qv2d8KiEHqTlK/J2Yr1MIN/1Cm8TwLrtNWEXtJnnriGVgwZsNqSCBcxQU0D7y6VH15gXQJnnjbVZVTnirswNWA==",
      "requires": {
        "bindingx-parser": "^0.0.3"
      }
    }
  }
}
